
Microsoft Visual Studio Solution File, Format Version 12.00
# Visual Studio 14
VisualStudioVersion = 14.0.23107.0
MinimumVisualStudioVersion = 10.0.40219.1
Project("{FAE04EC0-301F-11D3-BF4B-00C04F79EFBC}") = "TheFarm.Umbraco.EmbeddedContent", "TheFarm.Umbraco.EmbeddedContent\TheFarm.Umbraco.EmbeddedContent.csproj", "{3D237706-E052-43AF-AD76-516A42431F65}"
EndProject
Global
	GlobalSection(SolutionConfigurationPlatforms) = preSolution
		Debug|Any CPU = Debug|Any CPU
		Debug|Mixed Platforms = Debug|Mixed Platforms
		Debug|x86 = Debug|x86
		Debug-Umbraco4.5|Any CPU = Debug-Umbraco4.5|Any CPU
		Debug-Umbraco4.5|Mixed Platforms = Debug-Umbraco4.5|Mixed Platforms
		Debug-Umbraco4.5|x86 = Debug-Umbraco4.5|x86
		Release DLLs|Any CPU = Release DLLs|Any CPU
		Release DLLs|Mixed Platforms = Release DLLs|Mixed Platforms
		Release DLLs|x86 = Release DLLs|x86
		Release|Any CPU = Release|Any CPU
		Release|Mixed Platforms = Release|Mixed Platforms
		Release|x86 = Release|x86
	EndGlobalSection
	GlobalSection(ProjectConfigurationPlatforms) = postSolution
		{3D237706-E052-43AF-AD76-516A42431F65}.Debug|Any CPU.ActiveCfg = Debug|Any CPU
		{3D237706-E052-43AF-AD76-516A42431F65}.Debug|Any CPU.Build.0 = Debug|Any CPU
		{3D237706-E052-43AF-AD76-516A42431F65}.Debug|Mixed Platforms.ActiveCfg = Debug|Any CPU
		{3D237706-E052-43AF-AD76-516A42431F65}.Debug|Mixed Platforms.Build.0 = Debug|Any CPU
		{3D237706-E052-43AF-AD76-516A42431F65}.Debug|x86.ActiveCfg = Debug|Any CPU
		{3D237706-E052-43AF-AD76-516A42431F65}.Debug-Umbraco4.5|Any CPU.ActiveCfg = Debug|Any CPU
		{3D237706-E052-43AF-AD76-516A42431F65}.Debug-Umbraco4.5|Any CPU.Build.0 = Debug|Any CPU
		{3D237706-E052-43AF-AD76-516A42431F65}.Debug-Umbraco4.5|Mixed Platforms.ActiveCfg = Debug|Any CPU
		{3D237706-E052-43AF-AD76-516A42431F65}.Debug-Umbraco4.5|Mixed Platforms.Build.0 = Debug|Any CPU
		{3D237706-E052-43AF-AD76-516A42431F65}.Debug-Umbraco4.5|x86.ActiveCfg = Debug|Any CPU
		{3D237706-E052-43AF-AD76-516A42431F65}.Release DLLs|Any CPU.ActiveCfg = Release|Any CPU
		{3D237706-E052-43AF-AD76-516A42431F65}.Release DLLs|Any CPU.Build.0 = Release|Any CPU
		{3D237706-E052-43AF-AD76-516A42431F65}.Release DLLs|Mixed Platforms.ActiveCfg = Release|Any CPU
		{3D237706-E052-43AF-AD76-516A42431F65}.Release DLLs|Mixed Platforms.Build.0 = Release|Any CPU
		{3D237706-E052-43AF-AD76-516A42431F65}.Release DLLs|x86.ActiveCfg = Release|Any CPU
		{3D237706-E052-43AF-AD76-516A42431F65}.Release|Any CPU.ActiveCfg = Release|Any CPU
		{3D237706-E052-43AF-AD76-516A42431F65}.Release|Any CPU.Build.0 = Release|Any CPU
		{3D237706-E052-43AF-AD76-516A42431F65}.Release|Mixed Platforms.ActiveCfg = Release|Any CPU
		{3D237706-E052-43AF-AD76-516A42431F65}.Release|Mixed Platforms.Build.0 = Release|Any CPU
		{3D237706-E052-43AF-AD76-516A42431F65}.Release|x86.ActiveCfg = Release|Any CPU
	EndGlobalSection
	GlobalSection(SolutionProperties) = preSolution
		HideSolutionNode = FALSE
	EndGlobalSection
EndGlobal
